# This file is autogenerated, do not edit; changes may be undone by the next 'dep ensure'.


[[projects]]
  digest = "1:05128744ad44077e1f18265b526b0a88c08505ff7d2e2ff3ae23943513f0a50a"
  name = "cloud.google.com/go"
  packages = [
    ".",
    "compute/metadata",
    "firestore",
    "firestore/apiv1",
    "internal/btree",
    "internal/fields",
    "internal/trace",
    "internal/version",
  ]
  pruneopts = "UT"
  revision = "ba853fd15702573bfcc69d9187821063f8778a8e"
  version = "v0.72.0"

[[projects]]
  branch = "master"
  digest = "1:99010387da8d15937ae7f6159c54fe4323a6c2c4690c4a7a6fc43c14bef9e324"
  name = "github.com/GeertJohan/go-sourcepath"
  packages = ["."]
  pruneopts = "UT"
  revision = "83e8b8723a9bf39481216e80575f4854c63ece4a"

[[projects]]
  digest = "1:9909e0a06cff3bd88841c9d2e0cc91b0a431676009018c74c3315f33b49b0046"
  name = "github.com/StackExchange/wmi"
  packages = ["."]
  pruneopts = "UT"
  revision = "cbe66965904dbe8a6cd589e2298e5d8b986bd7dd"
  version = "1.1.0"

[[projects]]
  digest = "1:8ef5ecea9cd37f4af46d8660a0fc6ee6f4e27b54509ce3b203d851fd9f0e152b"
  name = "github.com/Unknwon/com"
  packages = ["."]
  pruneopts = "UT"
  revision = "757f69c95f3e6e3ef823a57bfc3b4ca50804523e"
  version = "v1.0.1"

[[projects]]
  digest = "1:bd3707851c076d2c65cd49a05b5ff7d2b9d71052f3cc53f508b5f17d92e90515"
  name = "github.com/armon/go-metrics"
  packages = ["."]
  pruneopts = "UT"
  revision = "1f80b100a845709d334078320f554ef96d0a8ac8"
  version = "v0.3.4"

[[projects]]
  branch = "master"
  digest = "1:65f37abbbbbe167e815eb06ac24f514efedc4d084dbab1b5b3b1c1a541132704"
  name = "github.com/benesch/cgosymbolizer"
  packages = ["."]
  pruneopts = "UT"
  revision = "bec6fe6e597bfeb28b9d8c0b998772635fceea8b"

[[projects]]
  digest = "1:327435005b9a21d729d0c72723cf00db6b452a92be1a59f4ab0cf4aea34c4f23"
  name = "github.com/bketelsen/crypt"
  packages = [
    "backend",
    "backend/consul",
    "backend/etcd",
    "backend/firestore",
    "config",
    "encoding/secconf",
  ]
  pruneopts = "UT"
  revision = "50dbdc1d2c6e9630ebcfd38e4aac5ce0dbf1d8e8"
  version = "v0.0.3"

[[projects]]
  digest = "1:b361cb418fa9e2e100ed6639ad998f24458fd5a620a2225ea14d4f73d99040bf"
  name = "github.com/c3sr/config"
  packages = ["."]
  pruneopts = "UT"
  revision = "35ed8e2450bf72580413486a801a469faeb04189"
  version = "v0.1.0"

[[projects]]
  digest = "1:46ce66a3ae9e492940d76b6da51c79650bd8874e92f42a8fca2d912d5b6472a4"
  name = "github.com/c3sr/logger"
  packages = ["."]
  pruneopts = "UT"
  revision = "159591d2749003f68b0dacfadf03ab90a18f66c1"
  version = "v0.1.0"

[[projects]]
  digest = "1:e7125b75b38b4fc4543a318d2b5a4fc7a7f57afef38d2d03986340b27d40b812"
  name = "github.com/c3sr/machine"
  packages = ["os"]
  pruneopts = "UT"
  revision = "96aea5331fe77b9d53c90a5b58b3a12ceb46cea7"
  version = "v0.1.0"

[[projects]]
  digest = "1:392248c4314107b28919acb2828a0127262472db7b8482d4477f9b4611ff7386"
  name = "github.com/c3sr/nvidia-smi"
  packages = ["."]
  pruneopts = "UT"
  revision = "00b505f3250dec433a7bae0a401d40e40be5c657"
  version = "v0.1.0"

[[projects]]
  digest = "1:4f4be42ea97b60c7f4a9ffbef06f462af9505bcace5177c9ccdf6191737a06a0"
  name = "github.com/c3sr/nvml-go"
  packages = ["."]
  pruneopts = "UT"
  revision = "54dd66e81b09c73bb3ee3b74b0befd6dbbf78740"
  version = "v0.2.0"

[[projects]]
  digest = "1:d964334d8d2651df653bc26057a20e1e1b038a021befc59046a2665562977c0d"
  name = "github.com/c3sr/tegra"
  packages = ["."]
  pruneopts = "UT"
  revision = "7c9c6c300dc463e50d35c93c28d2f684cdbd73a2"
  version = "v0.1.0"

[[projects]]
  digest = "1:b96cecc9da8bac6f95b1481d4eec5a30bbcf3e0a35291ab68b44a00c916e7d22"
  name = "github.com/c3sr/tracer"
  packages = [
    ".",
    "defaults",
    "jaeger",
    "noop",
    "observer",
    "utils",
  ]
  pruneopts = "UT"
  revision = "5aa2b32716b83fd736644a94b13fea619d073ba8"
  version = "v0.3.0"

[[projects]]
  digest = "1:445b0d82fc1eb84f8c675757c6785021d8992c180c3c62e9ad30434b93c56500"
  name = "github.com/c3sr/utils"
  packages = ["."]
  pruneopts = "UT"
  revision = "8c94d0bf9baa1095effd041da69653e1103b68c7"
  version = "v0.1.0"

[[projects]]
  digest = "1:bec8d02ce7d7bd43c3ff435b71c6f75ab3e6ac35b69b50f457f8b3acfab11d17"
  name = "github.com/c3sr/uuid"
  packages = ["."]
  pruneopts = "UT"
  revision = "97e22344270854c12f76eb69850d917025368add"
  version = "v0.1.0"

[[projects]]
  digest = "1:77555ff63552bbfc1b00aa018fb013e76256d70764ded9cd5a1dad891a740681"
  name = "github.com/c3sr/vipertags"
  packages = ["."]
  pruneopts = "UT"
  revision = "b8a9fd68c520fe07ffbf7f642b7e73eac2a0434f"
  version = "v0.1.0"

[[projects]]
  digest = "1:f438d91be142877c3ad83157992c91de787ddfbddcc2a7da1ef6ef61606cadc4"
  name = "github.com/cheekybits/genny"
  packages = ["generic"]
  pruneopts = "UT"
  revision = "d2cf3cdd35ce0d789056c4bc02a4d6349c947caf"
  version = "v1.0.0"

[[projects]]
  digest = "1:273c00c6bbaa532224accf6f4c25336756c0e9df918874bbbee429a750ee8b07"
  name = "github.com/coreos/etcd"
  packages = ["client"]
  pruneopts = "UT"
  revision = "ae9734ed278b7a1a7dfc82e800471ebbf9fce56f"
  version = "v3.4.13"

[[projects]]
  digest = "1:05ffeeed3f0f05520de0679f6aa3219ffee69cfd6d9fb6c194879d4c818ad670"
  name = "github.com/coreos/go-semver"
  packages = ["semver"]
  pruneopts = "UT"
  revision = "e214231b295a8ea9479f11b70b35d5acf3556d9b"
  version = "v0.3.0"

[[projects]]
  digest = "1:ffe9824d294da03b391f44e1ae8281281b4afc1bdaa9588c9097785e3af10cec"
  name = "github.com/davecgh/go-spew"
  packages = ["spew"]
  pruneopts = "UT"
  revision = "8991bc29aa16c548c550c7ff78260e27b9ab7c73"
  version = "v1.1.1"

[[projects]]
  branch = "master"
  digest = "1:9a023ac8c30a6871d3fc94c9c0b5a0639ede096c351fd6cdcd7268fe9cb95af2"
  name = "github.com/facebookgo/stack"
  packages = ["."]
  pruneopts = "UT"
  revision = "751773369052141c013c6e827a71e8f35c07879c"

[[projects]]
  digest = "1:6e6a015e8e8fa80006309826c6129b59341c56103245da051f206b1b3605f0bb"
  name = "github.com/fatih/color"
  packages = ["."]
  pruneopts = "UT"
  revision = "bc2269661d49c6c9d0e514eef49710556883f3fa"
  version = "v1.10.0"

[[projects]]
  digest = "1:af43bdaaf86655a2343f113e9b293bbc16b12099eaeb223982bbe4d4c22ba14d"
  name = "github.com/fatih/structs"
  packages = ["."]
  pruneopts = "UT"
  revision = "4966fc68f5b7593aafa6cbbba2d65ec6e1416047"
  version = "v1.1.0"

[[projects]]
  digest = "1:80057945464ffb5b0da1f026beb8df0e8dbd098eaf771a349291bed2cd29a83e"
  name = "github.com/fsnotify/fsnotify"
  packages = ["."]
  pruneopts = "UT"
  revision = "45d7d09e39ef4ac08d493309fa031790c15bfe8a"
  version = "v1.4.9"

[[projects]]
  digest = "1:440028f55cb322d8cb5b9d5ebec298a00b7d74690a658fe6b1c0c0b44341bfae"
  name = "github.com/go-ole/go-ole"
  packages = [
    ".",
    "oleutil",
  ]
  pruneopts = "UT"
  revision = "97b6244175ae18ea6eef668034fd6565847501c9"
  version = "v1.2.4"

[[projects]]
  branch = "master"
  digest = "1:b7cb6054d3dff43b38ad2e92492f220f57ae6087ee797dca298139776749ace8"
  name = "github.com/golang/groupcache"
  packages = ["lru"]
  pruneopts = "UT"
  revision = "8c9f03a8e57eb486e42badaed3fb287da51807ba"

[[projects]]
  digest = "1:9528acdf5af07759d9ca51bfe3a56a61f8481ed72d601c95fde842c2748970bb"
  name = "github.com/golang/protobuf"
  packages = [
    "internal/gengogrpc",
    "proto",
    "protoc-gen-go",
    "ptypes",
    "ptypes/any",
    "ptypes/duration",
    "ptypes/timestamp",
    "ptypes/wrappers",
  ]
  pruneopts = "UT"
  revision = "4846b58453b3708320bdb524f25cc5a1d9cda4d4"
  version = "v1.4.3"

[[projects]]
  digest = "1:ea0c7ba682bca52c7255015fc568201f0191199b35fbc489033464cc520d0f46"
  name = "github.com/google/go-cmp"
  packages = [
    "cmp",
    "cmp/internal/diff",
    "cmp/internal/flags",
    "cmp/internal/function",
    "cmp/internal/value",
  ]
  pruneopts = "UT"
  revision = "0a3ecd384c2ae80de757e4b62138949ab721f02e"
  version = "v0.5.3"

[[projects]]
  digest = "1:766102087520f9d54f2acc72bd6637045900ac735b4a419b128d216f0c5c4876"
  name = "github.com/googleapis/gax-go"
  packages = ["v2"]
  pruneopts = "UT"
  revision = "bd5b16380fd03dc758d11cef74ba2e3bc8b0e8c2"
  version = "v2.0.5"

[[projects]]
  digest = "1:85d203fbd7fc54bea8ed8b2dc0c14c92249f5094a540f7e9017b4f99dd9a4d13"
  name = "github.com/hashicorp/consul"
  packages = ["api"]
  pruneopts = "UT"
  revision = "2fa535b58c91d34a55a25e4cc92f6d9855c3c8dd"
  version = "v1.8.6"

[[projects]]
  digest = "1:af105c7c5dc0b4ae41991f122cae860b9600f7d226072c2a83127048c991660c"
  name = "github.com/hashicorp/go-cleanhttp"
  packages = ["."]
  pruneopts = "UT"
  revision = "eda1e5db218aad1db63ca4642c8906b26bcf2744"
  version = "v0.5.1"

[[projects]]
  digest = "1:9525bbd687d51880d6c0dda510c5166f5ae8a91ae3f9a6635f9c839b990c71af"
  name = "github.com/hashicorp/go-hclog"
  packages = ["."]
  pruneopts = "UT"
  revision = "e59fd7e1110848012d4335fcd0d3bb88e0cdf9e7"
  version = "v0.15.0"

[[projects]]
  digest = "1:3fb98f9f713dd002ede9fd1e81d96a79c94b98a4d29372f821640c626d36968e"
  name = "github.com/hashicorp/go-immutable-radix"
  packages = ["."]
  pruneopts = "UT"
  revision = "57230d80bd59689cded197c5065835b39d890dd0"
  version = "v1.3.0"

[[projects]]
  digest = "1:5c03dd01d17d6ed9aa1c490a2bfd270dab91d14e85b4640ebdb6511594a1accd"
  name = "github.com/hashicorp/go-rootcerts"
  packages = ["."]
  pruneopts = "UT"
  revision = "98fadc2a5ba2ad2a534a179b352ecdfd1f4259aa"
  version = "v1.0.2"

[[projects]]
  digest = "1:7fae9ec96d10b2afce0da23c378c8b3389319b7f92fa092f2621bba3078cfb4b"
  name = "github.com/hashicorp/golang-lru"
  packages = ["simplelru"]
  pruneopts = "UT"
  revision = "14eae340515388ca95aa8e7b86f0de668e981f54"
  version = "v0.5.4"

[[projects]]
  digest = "1:c0d19ab64b32ce9fe5cf4ddceba78d5bc9807f0016db6b1183599da3dcc24d10"
  name = "github.com/hashicorp/hcl"
  packages = [
    ".",
    "hcl/ast",
    "hcl/parser",
    "hcl/printer",
    "hcl/scanner",
    "hcl/strconv",
    "hcl/token",
    "json/parser",
    "json/scanner",
    "json/token",
  ]
  pruneopts = "UT"
  revision = "8cb6e5b959231cc1119e43259c4a608f9c51a241"
  version = "v1.0.0"

[[projects]]
  digest = "1:7fd846d1b7845adcb015bed97586e91f03b41480312cd1bb495a5445a94af38f"
  name = "github.com/hashicorp/serf"
  packages = ["coordinate"]
  pruneopts = "UT"
  revision = "7faa1b06262f70780c3c35ac25a4c96d754f06f3"
  version = "v0.9.5"

[[projects]]
  digest = "1:42c1a73082c9233e74db587b2ca532ac3a19c9311dd8b30374af27fb7a282ce1"
  name = "github.com/iancoleman/strcase"
  packages = ["."]
  pruneopts = "UT"
  revision = "31e1dd6d285ceb0a110aec6898a75dd6934a35ed"
  version = "v0.1.2"

[[projects]]
  branch = "master"
  digest = "1:9867e43ac0c720629d738554fcb18dceef6c1837e1111b4df6b0529cd7dd90ac"
  name = "github.com/ianlancetaylor/cgosymbolizer"
  packages = ["."]
  pruneopts = "UT"
  revision = "6689ec8725c4b28268629a483d7efdb207ccda6c"

[[projects]]
  branch = "master"
  digest = "1:26c36bad6c0806992724f93e41559acc6d485575291dc6ca4d507bb9667d9bea"
  name = "github.com/ianlancetaylor/demangle"
  packages = ["."]
  pruneopts = "UT"
  revision = "28f6c0f3b63983aaa99575ca3b693afff7996387"

[[projects]]
  digest = "1:ecd9aa82687cf31d1585d4ac61d0ba180e42e8a6182b85bd785fcca8dfeefc1b"
  name = "github.com/joho/godotenv"
  packages = ["."]
  pruneopts = "UT"
  revision = "23d116af351c84513e1946b527c88823e476be13"
  version = "v1.3.0"

[[projects]]
  digest = "1:e0b019ee3a64ce51eeb7e0097a372305ac8caf338e50adf8e4bf3b7ce928e132"
  name = "github.com/josharian/intern"
  packages = ["."]
  pruneopts = "UT"
  revision = "8e6ff32b3e7c0b018c43953085fe2ac330fe9acd"
  version = "v1.0.0"

[[projects]]
  digest = "1:7d7ccfe00918baede5a3daf233bad41bb922692f58a57a687f8b010e207a167b"
  name = "github.com/json-iterator/go"
  packages = ["."]
  pruneopts = "UT"
  revision = "a1ca0830781e007c66b225121d2cdb3a649421f6"
  version = "v1.1.10"

[[projects]]
  digest = "1:076c531484852c227471112d49465873aaad47e5ad6e1aec3a5b092a436117ef"
  name = "github.com/jstemmer/go-junit-report"
  packages = [
    ".",
    "formatter",
    "parser",
  ]
  pruneopts = "UT"
  revision = "cc1f095d5cc5eca2844f5c5ea7bb37f6b9bf6cac"
  version = "v0.9.1"

[[projects]]
  digest = "1:586fe48a32710f4182bc2def6b373221f7c742188c05ce29c37f3ea8c7a0076d"
  name = "github.com/k0kubun/pp"
  packages = ["."]
  pruneopts = "UT"
  revision = "f5ef2002b2a5e0c7032a2848a6c0a8b0dcf8b310"
  version = "v3.0.7"

[[projects]]
  digest = "1:85a45ff41e6b733d430b653236191d131b707a05e9751f53b469f2c0bb222f01"
  name = "github.com/magiconair/properties"
  packages = ["."]
  pruneopts = "UT"
  revision = "0e5c09062c2daef666bd279e2d2d9f25f218f2be"
  version = "v1.8.4"

[[projects]]
  digest = "1:5d9e883e1964e9587344e202b3f61530a2c90f4673f5d28f33ffca8236c6c82d"
  name = "github.com/mailru/easyjson"
  packages = [
    ".",
    "buffer",
    "jlexer",
    "jwriter",
  ]
  pruneopts = "UT"
  revision = "8ab5ff9cd8e4e432e8b79f6c47d324a31dd803cf"
  version = "v0.7.6"

[[projects]]
  digest = "1:304d25ecc3f4ca39f894c959254d3f5fc6176276ccf1f874ded0cd441e2f964f"
  name = "github.com/mattn/go-colorable"
  packages = ["."]
  pruneopts = "UT"
  revision = "2e1b0c1546e0173c0907cf05c67b8ba29ed8b4d1"
  version = "v0.1.8"

[[projects]]
  digest = "1:0c58d31abe2a2ccb429c559b6292e7df89dcda675456fecc282fa90aa08273eb"
  name = "github.com/mattn/go-isatty"
  packages = ["."]
  pruneopts = "UT"
  revision = "7b513a986450394f7bbf1476909911b3aa3a55ce"
  version = "v0.0.12"

[[projects]]
  digest = "1:5d231480e1c64a726869bc4142d270184c419749d34f167646baa21008eb0a79"
  name = "github.com/mitchellh/go-homedir"
  packages = ["."]
  pruneopts = "UT"
  revision = "af06845cf3004701891bf4fdb884bfe4920b3727"
  version = "v1.1.0"

[[projects]]
  digest = "1:aff0e9185b5df855488a42e064cb479e994636d3cefa47d053495123d086add4"
  name = "github.com/mitchellh/mapstructure"
  packages = ["."]
  pruneopts = "UT"
  revision = "9e1e4717f8567d7ead72d070d064ad17d444a67e"
  version = "v1.3.3"

[[projects]]
  digest = "1:33422d238f147d247752996a26574ac48dcf472976eda7f5134015f06bf16563"
  name = "github.com/modern-go/concurrent"
  packages = ["."]
  pruneopts = "UT"
  revision = "bacd9c7ef1dd9b15be4a9909b8ac7a4e313eec94"
  version = "1.0.3"

[[projects]]
  digest = "1:e32bdbdb7c377a07a9a46378290059822efdce5c8d96fe71940d87cb4f918855"
  name = "github.com/modern-go/reflect2"
  packages = ["."]
  pruneopts = "UT"
  revision = "4b7aa43c6742a2c18fdef89dd197aaae7dac7ccd"
  version = "1.0.1"

[[projects]]
  branch = "master"
  digest = "1:b9e729f134ba1fbe1b2f18e948d035e0567d6282ccebe9a3623a0240bb47c089"
  name = "github.com/nicolai86/instruments"
  packages = ["."]
  pruneopts = "UT"
  revision = "a667d8f6e278892ccc3bc78f7fc6a6364fd68124"

[[projects]]
  branch = "master"
  digest = "1:2da0e5077ed40453dc281b9a2428d84cf6ad14063aed189f6296ca5dd25cf13d"
  name = "github.com/opentracing-contrib/go-observer"
  packages = ["."]
  pruneopts = "UT"
  revision = "a52f2342449246d5bcc273e65cbdcfa5f7d6c63c"

[[projects]]
  branch = "master"
  digest = "1:af5789c490de873c1edfc2327c00560c8caf4d191ba16b84b9faa6d73e854bbe"
  name = "github.com/opentracing-contrib/perfevents"
  packages = ["go"]
  pruneopts = "UT"
  revision = "a7a7e747782c021caa5c44ef98157f761bf56970"

[[projects]]
  digest = "1:86fbd18c1942728ab9cebc391bfe31266a27e2d2a0cf05c3bce8fc605e5f44c2"
  name = "github.com/opentracing/opentracing-go"
  packages = [
    ".",
    "ext",
    "log",
  ]
  pruneopts = "UT"
  revision = "d34af3eaa63c4d08ab54863a4bdd0daa45212e12"
  version = "v1.2.0"

[[projects]]
  digest = "1:ba7c8395a3bdd3b44d40ba36ff6eb283b583a3db865c02a952b89a1aa639081b"
  name = "github.com/pelletier/go-toml"
  packages = ["."]
  pruneopts = "UT"
  revision = "65ca8064882c8c308e5c804c5d5443d409e0738c"
  version = "v1.8.1"

[[projects]]
  digest = "1:cf31692c14422fa27c83a05292eb5cbe0fb2775972e8f1f8446a71549bd8980b"
  name = "github.com/pkg/errors"
  packages = ["."]
  pruneopts = "UT"
  revision = "ba968bfe8b2f7e042a574c888954fccecfa385b4"
  version = "v0.8.1"

[[projects]]
  branch = "master"
  digest = "1:abab2c85a12689a4218964335aa990ff33b4f3c7ba48e3283861c4714d2e93b1"
  name = "github.com/rainycape/dl"
  packages = ["."]
  pruneopts = "UT"
  revision = "1b01514224a1a60a6bcbb0b6b9d3a00ec14ae17f"

[[projects]]
  digest = "1:fae19d11cebb8837a53443a1640318f9a92d98aa6c4e4d499dbc80b3bb1c7763"
  name = "github.com/shirou/gopsutil"
  packages = [
    "internal/common",
    "mem",
  ]
  pruneopts = "UT"
  revision = "a1e77476b2bb7bbe6130fa1cbc39fe1635ff459c"
  version = "v3.20.10"

[[projects]]
  digest = "1:1760ee71834b3d0c59ffb6e0f9444fb68aec64bd6630b99b349fb111f74022fa"
  name = "github.com/sirupsen/logrus"
  packages = ["."]
  pruneopts = "UT"
  revision = "6699a89a232f3db797f2e280639854bbc4b89725"
  version = "v1.7.0"

[[projects]]
  digest = "1:5bc51628f10ee2e983badf7e302531fd87db15badfb675389450b8765cb3149f"
  name = "github.com/spf13/afero"
  packages = [
    ".",
    "mem",
  ]
  pruneopts = "UT"
  revision = "efa411e911857ed4705ed931b474891a88f71a73"
  version = "v1.4.1"

[[projects]]
  digest = "1:ff4cd55a3666b6ea3a876c9e133bfb54d6c812e725409a773f2c94a0b3a92f4f"
  name = "github.com/spf13/cast"
  packages = ["."]
  pruneopts = "UT"
  revision = "1ffadf551085444af981432dd0f6d1160c11ec64"
  version = "v1.3.1"

[[projects]]
  digest = "1:1b753ec16506f5864d26a28b43703c58831255059644351bbcb019b843950900"
  name = "github.com/spf13/jwalterweatherman"
  packages = ["."]
  pruneopts = "UT"
  revision = "94f6ae3ed3bceceafa716478c5fbf8d29ca601a1"
  version = "v1.1.0"

[[projects]]
  digest = "1:524b71991fc7d9246cc7dc2d9e0886ccb97648091c63e30eef619e6862c955dd"
  name = "github.com/spf13/pflag"
  packages = ["."]
  pruneopts = "UT"
  revision = "2e9d26c8c37aae03e3f9d4e90b7116f5accb7cab"
  version = "v1.0.5"

[[projects]]
  digest = "1:186c64572f92510250cc9b7cf90d619c1f0b8828909aa97e31fc3c42b2885d2e"
  name = "github.com/spf13/viper"
  packages = [
    ".",
    "remote",
  ]
  pruneopts = "UT"
  revision = "3826be313591f83193f048520482a7b3cf17d506"
  version = "v1.7.1"

[[projects]]
  digest = "1:f4b32291cad5efac2bfdba89ccde6aa04618b62ce06c1a571da2dc4f3f2677fb"
  name = "github.com/subosito/gotenv"
  packages = ["."]
  pruneopts = "UT"
  revision = "2ef7124db659d49edac6aa459693a15ae36c671a"
  version = "v1.2.0"

[[projects]]
  digest = "1:8b723b6eb54ca2531abd4ea014c19bae2ce8a204990eac75fd0c738e5c53593b"
  name = "github.com/uber/jaeger-client-go"
  packages = [
    ".",
    "internal/baggage",
    "internal/reporterstats",
    "internal/spanlog",
    "internal/throttler",
    "log",
    "thrift",
    "thrift-gen/agent",
    "thrift-gen/jaeger",
    "thrift-gen/sampling",
    "thrift-gen/zipkincore",
    "transport/zipkin",
    "utils",
    "zipkin",
  ]
  pruneopts = "UT"
  revision = "121ee6fb26fd9617fc30d0d95569a39c30ca3b76"
  version = "v2.25.0"

[[projects]]
  digest = "1:d7b6fd08442b8d26882fae2c859a0d63962d72a533476a217d46743ed30cb803"
  name = "github.com/uber/jaeger-lib"
  packages = ["metrics"]
  pruneopts = "UT"
  revision = "913f2d19ac0541c6e986209adcec4904c1a565b6"
  version = "v2.4.0"

[[projects]]
  branch = "master"
  digest = "1:e7b091967bad5c6d958dae84215f073654e66c742fb8473c0c97ed9b18b9af09"
  name = "gitlab.com/NebulousLabs/fastrand"
  packages = ["."]
  pruneopts = "UT"
  revision = "603482d69e405db4890e654c9807b4c772e86c81"

[[projects]]
  digest = "1:c1dc0e2afaa0e7a432d3f748d9757a473a1992fc2d0cacc210123b0aaf90efed"
  name = "go.etcd.io/etcd"
  packages = [
    "pkg/pathutil",
    "pkg/srv",
    "pkg/types",
    "version",
  ]
  pruneopts = "UT"
  revision = "ae9734ed278b7a1a7dfc82e800471ebbf9fce56f"
  version = "v3.4.13"

[[projects]]
  digest = "1:9a3ba76159d29e6aa7ec8c8ec59beff1b02e569daa5d57896b8f9fc883ee0c69"
  name = "go.opencensus.io"
  packages = [
    ".",
    "internal",
    "internal/tagencoding",
    "metric/metricdata",
    "metric/metricproducer",
    "plugin/ocgrpc",
    "plugin/ochttp",
    "plugin/ochttp/propagation/b3",
    "resource",
    "stats",
    "stats/internal",
    "stats/view",
    "tag",
    "trace",
    "trace/internal",
    "trace/propagation",
    "trace/tracestate",
  ]
  pruneopts = "UT"
  revision = "3fb168f674736c026e623310bfccb0691e6dec8a"
  version = "v0.22.5"

[[projects]]
  digest = "1:7a3de4371d6b68c6f37a0df2c09905664d9de59026c91cbe275aae55f4fe760f"
  name = "go.uber.org/atomic"
  packages = ["."]
  pruneopts = "UT"
  revision = "12f27ba2637fa0e13772a4f05fa46a5d18d53182"
  version = "v1.7.0"

[[projects]]
  branch = "master"
  digest = "1:2d807a7ff785959b524cfb8b75609f2fdaa28db4f741a9aaa3e33471feeb61ad"
  name = "golang.org/x/crypto"
  packages = [
    "blake2b",
    "cast5",
    "openpgp",
    "openpgp/armor",
    "openpgp/elgamal",
    "openpgp/errors",
    "openpgp/packet",
    "openpgp/s2k",
  ]
  pruneopts = "UT"
  revision = "c1f2f97bffc9c53fc40a1a28a5b460094c0050d9"

[[projects]]
  branch = "master"
  digest = "1:3403849330a8ab0adfff079dc6c6ad7bd8961a4a6891d05b9797063b4024f623"
  name = "golang.org/x/lint"
  packages = [
    ".",
    "golint",
  ]
  pruneopts = "UT"
  revision = "738671d3881b9731cc63024d5d88cf28db875626"

[[projects]]
  digest = "1:467bb8fb8fa786448b8d486cd0bb7c1a5577dcd7310441aa02a20110cd9f727d"
  name = "golang.org/x/mod"
  packages = [
    "module",
    "semver",
  ]
  pruneopts = "UT"
  revision = "859b3ef565e237f9f1a0fb6b55385c497545680d"
  version = "v0.3.0"

[[projects]]
  branch = "master"
  digest = "1:889090e02b8e8e63350af9c73215dd63166af96758957c3351d992c37ca329fd"
  name = "golang.org/x/net"
  packages = [
    "context",
    "context/ctxhttp",
    "http/httpguts",
    "http2",
    "http2/hpack",
    "idna",
    "internal/timeseries",
    "trace",
    "webdav",
    "webdav/internal/xml",
  ]
  pruneopts = "UT"
  revision = "69a78807bb2bb6d1599c68698c6b009505012083"

[[projects]]
  branch = "master"
  digest = "1:13440f3604489fc83b51a4022efc6fd7a29888c262a4a915362e65d08cf94b76"
  name = "golang.org/x/oauth2"
  packages = [
    ".",
    "google",
    "internal",
    "jws",
    "jwt",
  ]
  pruneopts = "UT"
  revision = "9fd604954f58d391cab0f7f49affb0a6aa864086"

[[projects]]
  branch = "master"
  digest = "1:d7155b8a44b03ce5af82134b62e4df3e9d84ec98b6d02e3b48a8e41b082ae48c"
  name = "golang.org/x/sync"
  packages = ["syncmap"]
  pruneopts = "UT"
  revision = "67f06af15bc961c363a7260195bcd53487529a21"

[[projects]]
  branch = "master"
  digest = "1:ec500d738cf30d9f2bb277a726196ce9eef44c8125f1d0b23cca1f82cac53bd9"
  name = "golang.org/x/sys"
  packages = [
    "cpu",
    "internal/unsafeheader",
    "unix",
    "windows",
  ]
  pruneopts = "UT"
  revision = "f84b799fce68db3cb46a8f6f819c1e56377181df"

[[projects]]
  digest = "1:a45009ae1e0da0b589cd5da9f30770041573e61f2f79fb3e86aa3790d5c495c4"
  name = "golang.org/x/text"
  packages = [
    "collate",
    "collate/build",
    "internal/colltab",
    "internal/gen",
    "internal/language",
    "internal/language/compact",
    "internal/tag",
    "internal/triegen",
    "internal/ucd",
    "language",
    "secure/bidirule",
    "transform",
    "unicode/bidi",
    "unicode/cldr",
    "unicode/norm",
    "unicode/rangetable",
  ]
  pruneopts = "UT"
  revision = "22f1617af38ed4cd65b3b96e02bab267e560155c"
  version = "v0.3.4"

[[projects]]
  branch = "master"
  digest = "1:d98344ff51b09e264cf952f21e35d3543b8fb4c4c9521485dcb260b902b2ce99"
  name = "golang.org/x/tools"
  packages = [
    "cmd/goimports",
    "go/ast/astutil",
    "go/gcexportdata",
    "go/internal/gcimporter",
    "go/types/typeutil",
    "internal/event",
    "internal/event/core",
    "internal/event/keys",
    "internal/event/label",
    "internal/fastwalk",
    "internal/gocommand",
    "internal/gopathwalk",
    "internal/imports",
  ]
  pruneopts = "UT"
  revision = "780cb80bd7fbb444813fc4b6be83a7ede5cd0d7d"

[[projects]]
  branch = "master"
  digest = "1:918a46e4a2fb83df33f668f5a6bd51b2996775d073fce1800d3ec01b0a5ddd2b"
  name = "golang.org/x/xerrors"
  packages = [
    ".",
    "internal",
  ]
  pruneopts = "UT"
  revision = "5ec99f83aff198f5fbd629d6c8d8eb38a04218ca"

[[projects]]
  digest = "1:e9c57699aaa90f0f01c47d3709b17b9b37d7f7ff0596e79ebb1c0604852246b8"
  name = "google.golang.org/api"
  packages = [
    "googleapi",
    "googleapi/transport",
    "internal",
    "internal/impersonate",
    "internal/third_party/uritemplates",
    "iterator",
    "option",
    "option/internaloption",
    "transport",
    "transport/cert",
    "transport/grpc",
    "transport/http",
    "transport/http/internal/propagation",
    "transport/internal/dca",
  ]
  pruneopts = "UT"
  revision = "84df58a8914832693858b396c6099dee1756bf13"
  version = "v0.35.0"

[[projects]]
  digest = "1:9a3c550c85a5a62ccc4cadd8525497b99554094a1adecc560c97bebc231ca81b"
  name = "google.golang.org/appengine"
  packages = [
    ".",
    "internal",
    "internal/app_identity",
    "internal/base",
    "internal/datastore",
    "internal/log",
    "internal/modules",
    "internal/remote_api",
    "internal/socket",
    "internal/urlfetch",
    "socket",
    "urlfetch",
  ]
  pruneopts = "UT"
  revision = "5d1c1d03f8703c2e81478d9a30e9afa2d3e4bd8a"
  version = "v1.6.7"

[[projects]]
  branch = "master"
  digest = "1:4ec4cc2de096c90d63b2a740ae5237cfa7ac3b0bd8d7a6b44c7cc23521bed394"
  name = "google.golang.org/genproto"
  packages = [
    "googleapis/api/annotations",
    "googleapis/firestore/v1",
    "googleapis/rpc/code",
    "googleapis/rpc/status",
    "googleapis/type/latlng",
  ]
  pruneopts = "UT"
  revision = "9b1e624d6bc4dcfbba5360975f35b6f988fa9a94"

[[projects]]
  digest = "1:01c4bc71314b0f9f48febfae8df09dac7647bb539d3da1fd4097872aa7047c45"
  name = "google.golang.org/grpc"
  packages = [
    ".",
    "attributes",
    "backoff",
    "balancer",
    "balancer/base",
    "balancer/grpclb",
    "balancer/grpclb/grpc_lb_v1",
    "balancer/grpclb/state",
    "balancer/roundrobin",
    "binarylog/grpc_binarylog_v1",
    "codes",
    "connectivity",
    "credentials",
    "credentials/alts",
    "credentials/alts/internal",
    "credentials/alts/internal/authinfo",
    "credentials/alts/internal/conn",
    "credentials/alts/internal/handshaker",
    "credentials/alts/internal/handshaker/service",
    "credentials/alts/internal/proto/grpc_gcp",
    "credentials/google",
    "credentials/oauth",
    "encoding",
    "encoding/proto",
    "grpclog",
    "internal",
    "internal/backoff",
    "internal/balancerload",
    "internal/binarylog",
    "internal/buffer",
    "internal/channelz",
    "internal/credentials",
    "internal/envconfig",
    "internal/grpclog",
    "internal/grpcrand",
    "internal/grpcsync",
    "internal/grpcutil",
    "internal/resolver/dns",
    "internal/resolver/passthrough",
    "internal/serviceconfig",
    "internal/status",
    "internal/syscall",
    "internal/transport",
    "keepalive",
    "metadata",
    "peer",
    "resolver",
    "serviceconfig",
    "stats",
    "status",
    "tap",
  ]
  pruneopts = "UT"
  revision = "56d63285d528c0d33f9bf8c355139d91edc047de"
  version = "v1.33.2"

[[projects]]
  digest = "1:d6eb738b0817c74e0184cafb71486bc984d4409dd9ffcecd74aea95d81fa02d6"
  name = "google.golang.org/protobuf"
  packages = [
    "cmd/protoc-gen-go/internal_gengo",
    "compiler/protogen",
    "encoding/protojson",
    "encoding/prototext",
    "encoding/protowire",
    "internal/descfmt",
    "internal/descopts",
    "internal/detrand",
    "internal/encoding/defval",
    "internal/encoding/json",
    "internal/encoding/messageset",
    "internal/encoding/tag",
    "internal/encoding/text",
    "internal/errors",
    "internal/fieldsort",
    "internal/filedesc",
    "internal/filetype",
    "internal/flags",
    "internal/genid",
    "internal/impl",
    "internal/mapsort",
    "internal/pragma",
    "internal/set",
    "internal/strs",
    "internal/version",
    "proto",
    "reflect/protodesc",
    "reflect/protoreflect",
    "reflect/protoregistry",
    "runtime/protoiface",
    "runtime/protoimpl",
    "types/descriptorpb",
    "types/known/anypb",
    "types/known/durationpb",
    "types/known/emptypb",
    "types/known/structpb",
    "types/known/timestamppb",
    "types/known/wrapperspb",
    "types/pluginpb",
  ]
  pruneopts = "UT"
  revision = "3f7a61f89bb6813f89d981d1870ed68da0b3c3f1"
  version = "v1.25.0"

[[projects]]
  digest = "1:f7059e57af5fc848220ebfbfb61e4d333179a6a07e70bc01f7ae5bc873586537"
  name = "gopkg.in/ini.v1"
  packages = ["."]
  pruneopts = "UT"
  revision = "5e97220809ffaa826f787728501264e9114cb834"
  version = "v1.62.0"

[[projects]]
  digest = "1:d7f1bd887dc650737a421b872ca883059580e9f8314d601f88025df4f4802dce"
  name = "gopkg.in/yaml.v2"
  packages = ["."]
  pruneopts = "UT"
  revision = "0b1645d91e851e735d3e23330303ce81f70adbe3"
  version = "v2.3.0"

[[projects]]
  digest = "1:4be7c9f53012c96ab97477a0de035c6b18ac901ef705c572d0dc036f02c5c73b"
  name = "gorgonia.org/cu"
  packages = ["."]
  pruneopts = "UT"
  revision = "5b8364058b41f48f3ab4d7641949931f74a9b757"
  version = "v0.9.3"

[solve-meta]
  analyzer-name = "dep"
  analyzer-version = 1
  input-imports = [
    "github.com/GeertJohan/go-sourcepath",
    "github.com/Unknwon/com",
    "github.com/benesch/cgosymbolizer",
    "github.com/c3sr/config",
    "github.com/c3sr/logger",
    "github.com/c3sr/nvidia-smi",
    "github.com/c3sr/tracer",
    "github.com/c3sr/tracer/jaeger",
    "github.com/c3sr/tracer/noop",
    "github.com/c3sr/utils",
    "github.com/c3sr/vipertags",
    "github.com/fatih/color",
    "github.com/iancoleman/strcase",
    "github.com/ianlancetaylor/demangle",
    "github.com/k0kubun/pp",
    "github.com/mailru/easyjson",
    "github.com/mailru/easyjson/jlexer",
    "github.com/mailru/easyjson/jwriter",
    "github.com/mitchellh/go-homedir",
    "github.com/opentracing/opentracing-go",
    "github.com/opentracing/opentracing-go/ext",
    "github.com/opentracing/opentracing-go/log",
    "github.com/pkg/errors",
    "github.com/rainycape/dl",
    "github.com/sirupsen/logrus",
    "github.com/spf13/cast",
    "github.com/uber/jaeger-client-go",
    "gitlab.com/NebulousLabs/fastrand",
    "golang.org/x/net/webdav",
    "google.golang.org/grpc",
    "gorgonia.org/cu",
  ]
  solver-name = "gps-cdcl"
  solver-version = 1
